
Microsoft Visual Studio Solution File, Format Version 12.00
# Visual Studio 15
VisualStudioVersion = 15.0.28010.2046
MinimumVisualStudioVersion = 10.0.40219.1
Project("{FAE04EC0-301F-11D3-BF4B-00C04F79EFBC}") = "ParkingIHM", "Parking\ParkingIHM.csproj", "{39BF777C-D786-4F8D-9929-351FCABEDC86}"
EndProject
Project("{FAE04EC0-301F-11D3-BF4B-00C04F79EFBC}") = "ParkingDTO", "ParkingDTO\ParkingDTO.csproj", "{362D611B-DD83-4F61-BA9F-F083B4AA7563}"
EndProject
Global
	GlobalSection(SolutionConfigurationPlatforms) = preSolution
		Debug|Any CPU = Debug|Any CPU
		Release|Any CPU = Release|Any CPU
	EndGlobalSection
	GlobalSection(ProjectConfigurationPlatforms) = postSolution
		{39BF777C-D786-4F8D-9929-351FCABEDC86}.Debug|Any CPU.ActiveCfg = Debug|Any CPU
		{39BF777C-D786-4F8D-9929-351FCABEDC86}.Debug|Any CPU.Build.0 = Debug|Any CPU
		{39BF777C-D786-4F8D-9929-351FCABEDC86}.Release|Any CPU.ActiveCfg = Release|Any CPU
		{39BF777C-D786-4F8D-9929-351FCABEDC86}.Release|Any CPU.Build.0 = Release|Any CPU
		{362D611B-DD83-4F61-BA9F-F083B4AA7563}.Debug|Any CPU.ActiveCfg = Debug|Any CPU
		{362D611B-DD83-4F61-BA9F-F083B4AA7563}.Debug|Any CPU.Build.0 = Debug|Any CPU
		{362D611B-DD83-4F61-BA9F-F083B4AA7563}.Release|Any CPU.ActiveCfg = Release|Any CPU
		{362D611B-DD83-4F61-BA9F-F083B4AA7563}.Release|Any CPU.Build.0 = Release|Any CPU
	EndGlobalSection
	GlobalSection(SolutionProperties) = preSolution
		HideSolutionNode = FALSE
	EndGlobalSection
	GlobalSection(ExtensibilityGlobals) = postSolution
		SolutionGuid = {7A528CD0-1061-4CAE-BCEF-D5FFFA76C34D}
	EndGlobalSection
EndGlobal
